
Microsoft Visual Studio Solution File, Format Version 12.00
# Visual Studio Version 16
VisualStudioVersion = 16.0.30204.135
MinimumVisualStudioVersion = 10.0.40219.1
Project("{9A19103F-16F7-4668-BE54-9A1E7A4F7556}") = "WS-ECOMMERCES", "WS-ECOMMERCES\WS-ECOMMERCES.csproj", "{FAA03A53-BDD8-43FB-8875-AA53917666A9}"
EndProject
Project("{9A19103F-16F7-4668-BE54-9A1E7A4F7556}") = "1. Entities", "1. Entities\1. Entities.csproj", "{268CE21B-3241-409E-BBC2-8F41CCA3736D}"
EndProject
Project("{9A19103F-16F7-4668-BE54-9A1E7A4F7556}") = "2. DataAccess", "2. DataAccess\2. DataAccess.csproj", "{5999CB12-3045-4C48-8B40-9BE23FE2D2E7}"
EndProject
Project("{9A19103F-16F7-4668-BE54-9A1E7A4F7556}") = "3. Tools", "3. Tools\3. Tools.csproj", "{8F5BEA32-1BAC-4DEA-9085-4A5B7A51F940}"
EndProject
Global
	GlobalSection(SolutionConfigurationPlatforms) = preSolution
		Debug|Any CPU = Debug|Any CPU
		Release|Any CPU = Release|Any CPU
	EndGlobalSection
	GlobalSection(ProjectConfigurationPlatforms) = postSolution
		{FAA03A53-BDD8-43FB-8875-AA53917666A9}.Debug|Any CPU.ActiveCfg = Debug|Any CPU
		{FAA03A53-BDD8-43FB-8875-AA53917666A9}.Debug|Any CPU.Build.0 = Debug|Any CPU
		{FAA03A53-BDD8-43FB-8875-AA53917666A9}.Release|Any CPU.ActiveCfg = Release|Any CPU
		{FAA03A53-BDD8-43FB-8875-AA53917666A9}.Release|Any CPU.Build.0 = Release|Any CPU
		{268CE21B-3241-409E-BBC2-8F41CCA3736D}.Debug|Any CPU.ActiveCfg = Debug|Any CPU
		{268CE21B-3241-409E-BBC2-8F41CCA3736D}.Debug|Any CPU.Build.0 = Debug|Any CPU
		{268CE21B-3241-409E-BBC2-8F41CCA3736D}.Release|Any CPU.ActiveCfg = Release|Any CPU
		{268CE21B-3241-409E-BBC2-8F41CCA3736D}.Release|Any CPU.Build.0 = Release|Any CPU
		{5999CB12-3045-4C48-8B40-9BE23FE2D2E7}.Debug|Any CPU.ActiveCfg = Debug|Any CPU
		{5999CB12-3045-4C48-8B40-9BE23FE2D2E7}.Debug|Any CPU.Build.0 = Debug|Any CPU
		{5999CB12-3045-4C48-8B40-9BE23FE2D2E7}.Release|Any CPU.ActiveCfg = Release|Any CPU
		{5999CB12-3045-4C48-8B40-9BE23FE2D2E7}.Release|Any CPU.Build.0 = Release|Any CPU
		{8F5BEA32-1BAC-4DEA-9085-4A5B7A51F940}.Debug|Any CPU.ActiveCfg = Debug|Any CPU
		{8F5BEA32-1BAC-4DEA-9085-4A5B7A51F940}.Debug|Any CPU.Build.0 = Debug|Any CPU
		{8F5BEA32-1BAC-4DEA-9085-4A5B7A51F940}.Release|Any CPU.ActiveCfg = Release|Any CPU
		{8F5BEA32-1BAC-4DEA-9085-4A5B7A51F940}.Release|Any CPU.Build.0 = Release|Any CPU
	EndGlobalSection
	GlobalSection(SolutionProperties) = preSolution
		HideSolutionNode = FALSE
	EndGlobalSection
	GlobalSection(ExtensibilityGlobals) = postSolution
		SolutionGuid = {D1B3CB96-57BE-4719-B906-1C0B74991DB1}
	EndGlobalSection
EndGlobal
